
Microsoft Visual Studio Solution File, Format Version 12.00
# Visual Studio Version 17
VisualStudioVersion = 17.11.35222.181
MinimumVisualStudioVersion = 10.0.40219.1
Project("{FAE04EC0-301F-11D3-BF4B-00C04F79EFBC}") = "Estructura", "Estructura.csproj", "{2BEA98C7-A2ED-4681-B8EA-39D30D180927}"
EndProject
Global
	GlobalSection(SolutionConfigurationPlatforms) = preSolution
		Debug|Any CPU = Debug|Any CPU
		Release|Any CPU = Release|Any CPU
	EndGlobalSection
	GlobalSection(ProjectConfigurationPlatforms) = postSolution
		{2BEA98C7-A2ED-4681-B8EA-39D30D180927}.Debug|Any CPU.ActiveCfg = Debug|Any CPU
		{2BEA98C7-A2ED-4681-B8EA-39D30D180927}.Debug|Any CPU.Build.0 = Debug|Any CPU
		{2BEA98C7-A2ED-4681-B8EA-39D30D180927}.Release|Any CPU.ActiveCfg = Release|Any CPU
		{2BEA98C7-A2ED-4681-B8EA-39D30D180927}.Release|Any CPU.Build.0 = Release|Any CPU
	EndGlobalSection
	GlobalSection(SolutionProperties) = preSolution
		HideSolutionNode = FALSE
	EndGlobalSection
	GlobalSection(ExtensibilityGlobals) = postSolution
		SolutionGuid = {435E8ECB-2D1F-4535-9500-0E546CC4C5DD}
	EndGlobalSection
EndGlobal
